// !$*UTF8*$!
{
	archiveVersion = 1;
	classes = {
	};
	objectVersion = 48;
	objects = {

/* Begin PBXBuildFile section */
		18723D9A2017304400B3A4DA /* AppDelegate.m in Sources */ = {isa = PBXBuildFile; fileRef = 18723D992017304400B3A4DA /* AppDelegate.m */; };
		18723D9D2017304400B3A4DA /* ViewController.m in Sources */ = {isa = PBXBuildFile; fileRef = 18723D9C2017304400B3A4DA /* ViewController.m */; };
		18723DA02017304400B3A4DA /* Main.storyboard in Resources */ = {isa = PBXBuildFile; fileRef = 18723D9E2017304400B3A4DA /* Main.storyboard */; };
		18723DA22017304400B3A4DA /* Assets.xcassets in Resources */ = {isa = PBXBuildFile; fileRef = 18723DA12017304400B3A4DA /* Assets.xcassets */; };
		18723DA52017304400B3A4DA /* LaunchScreen.storyboard in Resources */ = {isa = PBXBuildFile; fileRef = 18723DA32017304400B3A4DA /* LaunchScreen.storyboard */; };
		18723DA82017304400B3A4DA /* main.m in Sources */ = {isa = PBXBuildFile; fileRef = 18723DA72017304400B3A4DA /* main.m */; };
		18723DB22017304400B3A4DA /* helloTests.m in Sources */ = {isa = PBXBuildFile; fileRef = 18723DB12017304400B3A4DA /* helloTests.m */; };
		18723DBD2017304400B3A4DA /* helloUITests.m in Sources */ = {isa = PBXBuildFile; fileRef = 18723DBC2017304400B3A4DA /* helloUITests.m */; };
/* End PBXBuildFile section */

/* Begin PBXContainerItemProxy section */
		18723DAE2017304400B3A4DA /* PBXContainerItemProxy */ = {
			isa = PBXContainerItemProxy;
			containerPortal = 18723D8D2017304300B3A4DA /* Project object */;
			proxyType = 1;
			remoteGlobalIDString = 18723D942017304400B3A4DA;
			remoteInfo = hello;
		};
		18723DB92017304400B3A4DA /* PBXContainerItemProxy */ = {
			isa = PBXContainerItemProxy;
			containerPortal = 18723D8D2017304300B3A4DA /* Project object */;
			proxyType = 1;
			remoteGlobalIDString = 18723D942017304400B3A4DA;
			remoteInfo = hello;
		};
/* End PBXContainerItemProxy section */

/* Begin PBXFileReference section */
		18723D952017304400B3A4DA /* hello.app */ = {isa = PBXFileReference; explicitFileType = wrapper.application; includeInIndex = 0; path = hello.app; sourceTree = BUILT_PRODUCTS_DIR; };
		18723D982017304400B3A4DA /* AppDelegate.h */ = {isa = PBXFileReference; lastKnownFileType = sourcecode.c.h; path = AppDelegate.h; sourceTree = "<group>"; };
		18723D992017304400B3A4DA /* AppDelegate.m */ = {isa = PBXFileReference; lastKnownFileType = sourcecode.c.objc; path = AppDelegate.m; sourceTree = "<group>"; };
		18723D9B2017304400B3A4DA /* ViewController.h */ = {isa = PBXFileReference; lastKnownFileType = sourcecode.c.h; path = ViewController.h; sourceTree = "<group>"; };
		18723D9C2017304400B3A4DA /* ViewController.m */ = {isa = PBXFileReference; lastKnownFileType = sourcecode.c.objc; path = ViewController.m; sourceTree = "<group>"; };
		18723D9F2017304400B3A4DA /* Base */ = {isa = PBXFileReference; lastKnownFileType = file.storyboard; name = Base; path = Base.lproj/Main.storyboard; sourceTree = "<group>"; };
		18723DA12017304400B3A4DA /* Assets.xcassets */ = {isa = PBXFileReference; lastKnownFileType = folder.assetcatalog; path = Assets.xcassets; sourceTree = "<group>"; };
		18723DA42017304400B3A4DA /* Base */ = {isa = PBXFileReference; lastKnownFileType = file.storyboard; name = Base; path = Base.lproj/LaunchScreen.storyboard; sourceTree = "<group>"; };
		18723DA62017304400B3A4DA /* Info.plist */ = {isa = PBXFileReference; lastKnownFileType = text.plist.xml; path = Info.plist; sourceTree = "<group>"; };
		18723DA72017304400B3A4DA /* main.m */ = {isa = PBXFileReference; lastKnownFileType = sourcecode.c.objc; path = main.m; sourceTree = "<group>"; };
		18723DAD2017304400B3A4DA /* helloTests.xctest */ = {isa = PBXFileReference; explicitFileType = wrapper.cfbundle; includeInIndex = 0; path = helloTests.xctest; sourceTree = BUILT_PRODUCTS_DIR; };
		18723DB12017304400B3A4DA /* helloTests.m */ = {isa = PBXFileReference; lastKnownFileType = sourcecode.c.objc; path = helloTests.m; sourceTree = "<group>"; };
		18723DB32017304400B3A4DA /* Info.plist */ = {isa = PBXFileReference; lastKnownFileType = text.plist.xml; path = Info.plist; sourceTree = "<group>"; };
		18723DB82017304400B3A4DA /* helloUITests.xctest */ = {isa = PBXFileReference; explicitFileType = wrapper.cfbundle; includeInIndex = 0; path = helloUITests.xctest; sourceTree = BUILT_PRODUCTS_DIR; };
		18723DBC2017304400B3A4DA /* helloUITests.m */ = {isa = PBXFileReference; lastKnownFileType = sourcecode.c.objc; path = helloUITests.m; sourceTree = "<group>"; };
		18723DBE2017304400B3A4DA /* Info.plist */ = {isa = PBXFileReference; lastKnownFileType = text.plist.xml; path = Info.plist; sourceTree = "<group>"; };
/* End PBXFileReference section */

/* Begin PBXFrameworksBuildPhase section */
		18723D922017304400B3A4DA /* Frameworks */ = {
			isa = PBXFrameworksBuildPhase;
			buildActionMask = 2147483647;
			files = (
			);
			runOnlyForDeploymentPostprocessing = 0;
		};
		18723DAA2017304400B3A4DA /* Frameworks */ = {
			isa = PBXFrameworksBuildPhase;
			buildActionMask = 2147483647;
			files = (
			);
			runOnlyForDeploymentPostprocessing = 0;
		};
		18723DB52017304400B3A4DA /* Frameworks */ = {
			isa = PBXFrameworksBuildPhase;
			buildActionMask = 2147483647;
			files = (
			);
			runOnlyForDeploymentPostprocessing = 0;
		};
/* End PBXFrameworksBuildPhase section */

/* Begin PBXGroup section */
		18723D8C2017304300B3A4DA = {
			isa = PBXGroup;
			children = (
				18723D972017304400B3A4DA /* hello */,
				18723DB02017304400B3A4DA /* helloTests */,
				18723DBB2017304400B3A4DA /* helloUITests */,
				18723D962017304400B3A4DA /* Products */,
			);
			sourceTree = "<group>";
		};
		18723D962017304400B3A4DA /* Products */ = {
			isa = PBXGroup;
			children = (
				18723D952017304400B3A4DA /* hello.app */,
				18723DAD2017304400B3A4DA /* helloTests.xctest */,
				18723DB82017304400B3A4DA /* helloUITests.xctest */,
			);
			name = Products;
			sourceTree = "<group>";
		};
		18723D972017304400B3A4DA /* hello */ = {
			isa = PBXGroup;
			children = (
				18723D982017304400B3A4DA /* AppDelegate.h */,
				18723D992017304400B3A4DA /* AppDelegate.m */,
				18723D9B2017304400B3A4DA /* ViewController.h */,
				18723D9C2017304400B3A4DA /* ViewController.m */,
				18723D9E2017304400B3A4DA /* Main.storyboard */,
				18723DA12017304400B3A4DA /* Assets.xcassets */,
				18723DA32017304400B3A4DA /* LaunchScreen.storyboard */,
				18723DA62017304400B3A4DA /* Info.plist */,
				18723DA72017304400B3A4DA /* main.m */,
			);
			path = hello;
			sourceTree = "<group>";
		};
		18723DB02017304400B3A4DA /* helloTests */ = {
			isa = PBXGroup;
			children = (
				18723DB12017304400B3A4DA /* helloTests.m */,
				18723DB32017304400B3A4DA /* Info.plist */,
			);
			path = helloTests;
			sourceTree = "<group>";
		};
		18723DBB2017304400B3A4DA /* helloUITests */ = {
			isa = PBXGroup;
			children = (
				18723DBC2017304400B3A4DA /* helloUITests.m */,
				18723DBE2017304400B3A4DA /* Info.plist */,
			);
			path = helloUITests;
			sourceTree = "<group>";
		};
/* End PBXGroup section */

/* Begin PBXNativeTarget section */
		18723D942017304400B3A4DA /* hello */ = {
			isa = PBXNativeTarget;
			buildConfigurationList = 18723DC12017304400B3A4DA /* Build configuration list for PBXNativeTarget "hello" */;
			buildPhases = (
				18723D912017304400B3A4DA /* Sources */,
				18723D922017304400B3A4DA /* Frameworks */,
				18723D932017304400B3A4DA /* Resources */,
			);
			buildRules = (
			);
			dependencies = (
			);
			name = hello;
			productName = hello;
			productReference = 18723D952017304400B3A4DA /* hello.app */;
			productType = "com.apple.product-type.application";
		};
		18723DAC2017304400B3A4DA /* helloTests */ = {
			isa = PBXNativeTarget;
			buildConfigurationList = 18723DC42017304400B3A4DA /* Build configuration list for PBXNativeTarget "helloTests" */;
			buildPhases = (
				18723DA92017304400B3A4DA /* Sources */,
				18723DAA2017304400B3A4DA /* Frameworks */,
				18723DAB2017304400B3A4DA /* Resources */,
			);
			buildRules = (
			);
			dependencies = (
				18723DAF2017304400B3A4DA /* PBXTargetDependency */,
			);
			name = helloTests;
			productName = helloTests;
			productReference = 18723DAD2017304400B3A4DA /* helloTests.xctest */;
			productType = "com.apple.product-type.bundle.unit-test";
		};
		18723DB72017304400B3A4DA /* helloUITests */ = {
			isa = PBXNativeTarget;
			buildConfigurationList = 18723DC72017304400B3A4DA /* Build configuration list for PBXNativeTarget "helloUITests" */;
			buildPhases = (
				18723DB42017304400B3A4DA /* Sources */,
				18723DB52017304400B3A4DA /* Frameworks */,
				18723DB62017304400B3A4DA /* Resources */,
			);
			buildRules = (
			);
			dependencies = (
				18723DBA2017304400B3A4DA /* PBXTargetDependency */,
			);
			name = helloUITests;
			productName = helloUITests;
			productReference = 18723DB82017304400B3A4DA /* helloUITests.xctest */;
			productType = "com.apple.product-type.bundle.ui-testing";
		};
/* End PBXNativeTarget section */

/* Begin PBXProject section */
		18723D8D2017304300B3A4DA /* Project object */ = {
			isa = PBXProject;
			attributes = {
				LastUpgradeCheck = 0920;
				ORGANIZATIONNAME = Apple;
				TargetAttributes = {
					18723D942017304400B3A4DA = {
						CreatedOnToolsVersion = 9.2;
						ProvisioningStyle = Automatic;
					};
					18723DAC2017304400B3A4DA = {
						CreatedOnToolsVersion = 9.2;
						ProvisioningStyle = Automatic;
						TestTargetID = 18723D942017304400B3A4DA;
					};
					18723DB72017304400B3A4DA = {
						CreatedOnToolsVersion = 9.2;
						ProvisioningStyle = Automatic;
						TestTargetID = 18723D942017304400B3A4DA;
					};
				};
			};
			buildConfigurationList = 18723D902017304300B3A4DA /* Build configuration list for PBXProject "hello" */;
			compatibilityVersion = "Xcode 8.0";
			developmentRegion = en;
			hasScannedForEncodings = 0;
			knownRegions = (
				en,
				Base,
			);
			mainGroup = 18723D8C2017304300B3A4DA;
			productRefGroup = 18723D962017304400B3A4DA /* Products */;
			projectDirPath = "";
			projectRoot = "";
			targets = (
				18723D942017304400B3A4DA /* hello */,
				18723DAC2017304400B3A4DA /* helloTests */,
				18723DB72017304400B3A4DA /* helloUITests */,
			);
		};
/* End PBXProject section */

/* Begin PBXResourcesBuildPhase section */
		18723D932017304400B3A4DA /* Resources */ = {
			isa = PBXResourcesBuildPhase;
			buildActionMask = 2147483647;
			files = (
				18723DA52017304400B3A4DA /* LaunchScreen.storyboard in Resources */,
				18723DA22017304400B3A4DA /* Assets.xcassets in Resources */,
				18723DA02017304400B3A4DA /* Main.storyboard in Resources */,
			);
			runOnlyForDeploymentPostprocessing = 0;
		};
		18723DAB2017304400B3A4DA /* Resources */ = {
			isa = PBXResourcesBuildPhase;
			buildActionMask = 2147483647;
			files = (
			);
			runOnlyForDeploymentPostprocessing = 0;
		};
		18723DB62017304400B3A4DA /* Resources */ = {
			isa = PBXResourcesBuildPhase;
			buildActionMask = 2147483647;
			files = (
			);
			runOnlyForDeploymentPostprocessing = 0;
		};
/* End PBXResourcesBuildPhase section */

/* Begin PBXSourcesBuildPhase section */
		18723D912017304400B3A4DA /* Sources */ = {
			isa = PBXSourcesBuildPhase;
			buildActionMask = 2147483647;
			files = (
				18723D9D2017304400B3A4DA /* ViewController.m in Sources */,
				18723DA82017304400B3A4DA /* main.m in Sources */,
				18723D9A2017304400B3A4DA /* AppDelegate.m in Sources */,
			);
			runOnlyForDeploymentPostprocessing = 0;
		};
		18723DA92017304400B3A4DA /* Sources */ = {
			isa = PBXSourcesBuildPhase;
			buildActionMask = 2147483647;
			files = (
				18723DB22017304400B3A4DA /* helloTests.m in Sources */,
			);
			runOnlyForDeploymentPostprocessing = 0;
		};
		18723DB42017304400B3A4DA /* Sources */ = {
			isa = PBXSourcesBuildPhase;
			buildActionMask = 2147483647;
			files = (
				18723DBD2017304400B3A4DA /* helloUITests.m in Sources */,
			);
			runOnlyForDeploymentPostprocessing = 0;
		};
/* End PBXSourcesBuildPhase section */

/* Begin PBXTargetDependency section */
		18723DAF2017304400B3A4DA /* PBXTargetDependency */ = {
			isa = PBXTargetDependency;
			target = 18723D942017304400B3A4DA /* hello */;
			targetProxy = 18723DAE2017304400B3A4DA /* PBXContainerItemProxy */;
		};
		18723DBA2017304400B3A4DA /* PBXTargetDependency */ = {
			isa = PBXTargetDependency;
			target = 18723D942017304400B3A4DA /* hello */;
			targetProxy = 18723DB92017304400B3A4DA /* PBXContainerItemProxy */;
		};
/* End PBXTargetDependency section */

/* Begin PBXVariantGroup section */
		18723D9E2017304400B3A4DA /* Main.storyboard */ = {
			isa = PBXVariantGroup;
			children = (
				18723D9F2017304400B3A4DA /* Base */,
			);
			name = Main.storyboard;
			sourceTree = "<group>";
		};
		18723DA32017304400B3A4DA /* LaunchScreen.storyboard */ = {
			isa = PBXVariantGroup;
			children = (
				18723DA42017304400B3A4DA /* Base */,
			);
			name = LaunchScreen.storyboard;
			sourceTree = "<group>";
		};
/* End PBXVariantGroup section */

/* Begin XCBuildConfiguration section */
		18723DBF2017304400B3A4DA /* Debug */ = {
			isa = XCBuildConfiguration;
			buildSettings = {
				ALWAYS_SEARCH_USER_PATHS = NO;
				CLANG_ANALYZER_NONNULL = YES;
				CLANG_ANALYZER_NUMBER_OBJECT_CONVERSION = YES_AGGRESSIVE;
				CLANG_CXX_LANGUAGE_STANDARD = "gnu++14";
				CLANG_CXX_LIBRARY = "libc++";
				CLANG_ENABLE_MODULES = YES;
				CLANG_ENABLE_OBJC_ARC = YES;
				CLANG_WARN_BLOCK_CAPTURE_AUTORELEASING = YES;
				CLANG_WARN_BOOL_CONVERSION = YES;
				CLANG_WARN_COMMA = YES;
				CLANG_WARN_CONSTANT_CONVERSION = YES;
				CLANG_WARN_DIRECT_OBJC_ISA_USAGE = YES_ERROR;
				CLANG_WARN_DOCUMENTATION_COMMENTS = YES;
				CLANG_WARN_EMPTY_BODY = YES;
				CLANG_WARN_ENUM_CONVERSION = YES;
				CLANG_WARN_INFINITE_RECURSION = YES;
				CLANG_WARN_INT_CONVERSION = YES;
				CLANG_WARN_NON_LITERAL_NULL_CONVERSION = YES;
				CLANG_WARN_OBJC_LITERAL_CONVERSION = YES;
				CLANG_WARN_OBJC_ROOT_CLASS = YES_ERROR;
				CLANG_WARN_RANGE_LOOP_ANALYSIS = YES;
				CLANG_WARN_STRICT_PROTOTYPES = YES;
				CLANG_WARN_SUSPICIOUS_MOVE = YES;
				CLANG_WARN_UNGUARDED_AVAILABILITY = YES_AGGRESSIVE;
				CLANG_WARN_UNREACHABLE_CODE = YES;
				CLANG_WARN__DUPLICATE_METHOD_MATCH = YES;
				CODE_SIGN_IDENTITY = "iPhone Developer";
				COPY_PHASE_STRIP = NO;
				DEBUG_INFORMATION_FORMAT = dwarf;
				ENABLE_STRICT_OBJC_MSGSEND = YES;
				ENABLE_TESTABILITY = YES;
				GCC_C_LANGUAGE_STANDARD = gnu11;
				GCC_DYNAMIC_NO_PIC = NO;
				GCC_NO_COMMON_BLOCKS = YES;
				GCC_OPTIMIZATION_LEVEL = 0;
				GCC_PREPROCESSOR_DEFINITIONS = (
					"DEBUG=1",
					"$(inherited)",
				);
				GCC_WARN_64_TO_32_BIT_CONVERSION = YES;
				GCC_WARN_ABOUT_RETURN_TYPE = YES_ERROR;
				GCC_WARN_UNDECLARED_SELECTOR = YES;
				GCC_WARN_UNINITIALIZED_AUTOS = YES_AGGRESSIVE;
				GCC_WARN_UNUSED_FUNCTION = YES;
				GCC_WARN_UNUSED_VARIABLE = YES;
				IPHONEOS_DEPLOYMENT_TARGET = 11.2;
				MTL_ENABLE_DEBUG_INFO = YES;
				ONLY_ACTIVE_ARCH = YES;
				SDKROOT = iphoneos;
			};
			name = Debug;
		};
		18723DC02017304400B3A4DA /* Release */ = {
			isa = XCBuildConfiguration;
			buildSettings = {
				ALWAYS_SEARCH_USER_PATHS = NO;
				CLANG_ANALYZER_NONNULL = YES;
				CLANG_ANALYZER_NUMBER_OBJECT_CONVERSION = YES_AGGRESSIVE;
				CLANG_CXX_LANGUAGE_STANDARD = "gnu++14";
				CLANG_CXX_LIBRARY = "libc++";
				CLANG_ENABLE_MODULES = YES;
				CLANG_ENABLE_OBJC_ARC = YES;
				CLANG_WARN_BLOCK_CAPTURE_AUTORELEASING = YES;
				CLANG_WARN_BOOL_CONVERSION = YES;
				CLANG_WARN_COMMA = YES;
				CLANG_WARN_CONSTANT_CONVERSION = YES;
				CLANG_WARN_DIRECT_OBJC_ISA_USAGE = YES_ERROR;
				CLANG_WARN_DOCUMENTATION_COMMENTS = YES;
				CLANG_WARN_EMPTY_BODY = YES;
				CLANG_WARN_ENUM_CONVERSION = YES;
				CLANG_WARN_INFINITE_RECURSION = YES;
				CLANG_WARN_INT_CONVERSION = YES;
				CLANG_WARN_NON_LITERAL_NULL_CONVERSION = YES;
				CLANG_WARN_OBJC_LITERAL_CONVERSION = YES;
				CLANG_WARN_OBJC_ROOT_CLASS = YES_ERROR;
				CLANG_WARN_RANGE_LOOP_ANALYSIS = YES;
				CLANG_WARN_STRICT_PROTOTYPES = YES;
				CLANG_WARN_SUSPICIOUS_MOVE = YES;
				CLANG_WARN_UNGUARDED_AVAILABILITY = YES_AGGRESSIVE;
				CLANG_WARN_UNREACHABLE_CODE = YES;
				CLANG_WARN__DUPLICATE_METHOD_MATCH = YES;
				CODE_SIGN_IDENTITY = "iPhone Developer";
				COPY_PHASE_STRIP = NO;
				DEBUG_INFORMATION_FORMAT = "dwarf-with-dsym";
				ENABLE_NS_ASSERTIONS = NO;
				ENABLE_STRICT_OBJC_MSGSEND = YES;
				GCC_C_LANGUAGE_STANDARD = gnu11;
				GCC_NO_COMMON_BLOCKS = YES;
				GCC_WARN_64_TO_32_BIT_CONVERSION = YES;
				GCC_WARN_ABOUT_RETURN_TYPE = YES_ERROR;
				GCC_WARN_UNDECLARED_SELECTOR = YES;
				GCC_WARN_UNINITIALIZED_AUTOS = YES_AGGRESSIVE;
				GCC_WARN_UNUSED_FUNCTION = YES;
				GCC_WARN_UNUSED_VARIABLE = YES;
				IPHONEOS_DEPLOYMENT_TARGET = 11.2;
				MTL_ENABLE_DEBUG_INFO = NO;
				SDKROOT = iphoneos;
				VALIDATE_PRODUCT = YES;
			};
			name = Release;
		};
		18723DC22017304400B3A4DA /* Debug */ = {
			isa = XCBuildConfiguration;
			buildSettings = {
				ASSETCATALOG_COMPILER_APPICON_NAME = AppIcon;
				CODE_SIGN_STYLE = Automatic;
				INFOPLIST_FILE = hello/Info.plist;
				LD_RUNPATH_SEARCH_PATHS = "$(inherited) @executable_path/Frameworks";
				PRODUCT_BUNDLE_IDENTIFIER = df.hello;
				PRODUCT_NAME = "$(TARGET_NAME)";
				TARGETED_DEVICE_FAMILY = "1,2";
			};
			name = Debug;
		};
		18723DC32017304400B3A4DA /* Release */ = {
			isa = XCBuildConfiguration;
			buildSettings = {
				ASSETCATALOG_COMPILER_APPICON_NAME = AppIcon;
				CODE_SIGN_STYLE = Automatic;
				INFOPLIST_FILE = hello/Info.plist;
				LD_RUNPATH_SEARCH_PATHS = "$(inherited) @executable_path/Frameworks";
				PRODUCT_BUNDLE_IDENTIFIER = df.hello;
				PRODUCT_NAME = "$(TARGET_NAME)";
				TARGETED_DEVICE_FAMILY = "1,2";
			};
			name = Release;
		};
		18723DC52017304400B3A4DA /* Debug */ = {
			isa = XCBuildConfiguration;
			buildSettings = {
				BUNDLE_LOADER = "$(TEST_HOST)";
				CODE_SIGN_STYLE = Automatic;
				INFOPLIST_FILE = helloTests/Info.plist;
				LD_RUNPATH_SEARCH_PATHS = "$(inherited) @executable_path/Frameworks @loader_path/Frameworks";
				PRODUCT_BUNDLE_IDENTIFIER = df.helloTests;
				PRODUCT_NAME = "$(TARGET_NAME)";
				TARGETED_DEVICE_FAMILY = "1,2";
				TEST_HOST = "$(BUILT_PRODUCTS_DIR)/hello.app/hello";
			};
			name = Debug;
		};
		18723DC62017304400B3A4DA /* Release */ = {
			isa = XCBuildConfiguration;
			buildSettings = {
				BUNDLE_LOADER = "$(TEST_HOST)";
				CODE_SIGN_STYLE = Automatic;
				INFOPLIST_FILE = helloTests/Info.plist;
				LD_RUNPATH_SEARCH_PATHS = "$(inherited) @executable_path/Frameworks @loader_path/Frameworks";
				PRODUCT_BUNDLE_IDENTIFIER = df.helloTests;
				PRODUCT_NAME = "$(TARGET_NAME)";
				TARGETED_DEVICE_FAMILY = "1,2";
				TEST_HOST = "$(BUILT_PRODUCTS_DIR)/hello.app/hello";
			};
			name = Release;
		};
		18723DC82017304400B3A4DA /* Debug */ = {
			isa = XCBuildConfiguration;
			buildSettings = {
				CODE_SIGN_STYLE = Automatic;
				INFOPLIST_FILE = helloUITests/Info.plist;
				LD_RUNPATH_SEARCH_PATHS = "$(inherited) @executable_path/Frameworks @loader_path/Frameworks";
				PRODUCT_BUNDLE_IDENTIFIER = df.helloUITests;
				PRODUCT_NAME = "$(TARGET_NAME)";
				TARGETED_DEVICE_FAMILY = "1,2";
				TEST_TARGET_NAME = hello;
			};
			name = Debug;
		};
		18723DC92017304400B3A4DA /* Release */ = {
			isa = XCBuildConfiguration;
			buildSettings = {
				CODE_SIGN_STYLE = Automatic;
				INFOPLIST_FILE = helloUITests/Info.plist;
				LD_RUNPATH_SEARCH_PATHS = "$(inherited) @executable_path/Frameworks @loader_path/Frameworks";
				PRODUCT_BUNDLE_IDENTIFIER = df.helloUITests;
				PRODUCT_NAME = "$(TARGET_NAME)";
				TARGETED_DEVICE_FAMILY = "1,2";
				TEST_TARGET_NAME = hello;
			};
			name = Release;
		};
/* End XCBuildConfiguration section */

/* Begin XCConfigurationList section */
		18723D902017304300B3A4DA /* Build configuration list for PBXProject "hello" */ = {
			isa = XCConfigurationList;
			buildConfigurations = (
				18723DBF2017304400B3A4DA /* Debug */,
				18723DC02017304400B3A4DA /* Release */,
			);
			defaultConfigurationIsVisible = 0;
			defaultConfigurationName = Release;
		};
		18723DC12017304400B3A4DA /* Build configuration list for PBXNativeTarget "hello" */ = {
			isa = XCConfigurationList;
			buildConfigurations = (
				18723DC22017304400B3A4DA /* Debug */,
				18723DC32017304400B3A4DA /* Release */,
			);
			defaultConfigurationIsVisible = 0;
			defaultConfigurationName = Release;
		};
		18723DC42017304400B3A4DA /* Build configuration list for PBXNativeTarget "helloTests" */ = {
			isa = XCConfigurationList;
			buildConfigurations = (
				18723DC52017304400B3A4DA /* Debug */,
				18723DC62017304400B3A4DA /* Release */,
			);
			defaultConfigurationIsVisible = 0;
			defaultConfigurationName = Release;
		};
		18723DC72017304400B3A4DA /* Build configuration list for PBXNativeTarget "helloUITests" */ = {
			isa = XCConfigurationList;
			buildConfigurations = (
				18723DC82017304400B3A4DA /* Debug */,
				18723DC92017304400B3A4DA /* Release */,
			);
			defaultConfigurationIsVisible = 0;
			defaultConfigurationName = Release;
		};
/* End XCConfigurationList section */
	};
	rootObject = 18723D8D2017304300B3A4DA /* Project object */;
}
